Microsoft Visual Studio Solution File, Format Version 12.00
# Visual Studio 2012
Project("{FAE04EC0-301F-11D3-BF4B-00C04F79EFBC}") = "PixelPlatformer", "PixelPlatformer.csproj", "{13548498-9DBA-49BC-A4F3-D5E70569644B}"
EndProject
Global
	GlobalSection(SolutionConfigurationPlatforms) = preSolution
	Debug|Any CPU = Debug|Any CPU
	Release|Any CPU = Release|Any CPU
	Tools|Any CPU = Tools|Any CPU
	EndGlobalSection
	GlobalSection(ProjectConfigurationPlatforms) = postSolution
		{13548498-9DBA-49BC-A4F3-D5E70569644B}.Debug|Any CPU.ActiveCfg = Debug|Any CPU
		{13548498-9DBA-49BC-A4F3-D5E70569644B}.Debug|Any CPU.Build.0 = Debug|Any CPU
		{13548498-9DBA-49BC-A4F3-D5E70569644B}.Release|Any CPU.ActiveCfg = Release|Any CPU
		{13548498-9DBA-49BC-A4F3-D5E70569644B}.Release|Any CPU.Build.0 = Release|Any CPU
		{13548498-9DBA-49BC-A4F3-D5E70569644B}.Tools|Any CPU.ActiveCfg = Tools|Any CPU
		{13548498-9DBA-49BC-A4F3-D5E70569644B}.Tools|Any CPU.Build.0 = Tools|Any CPU
	EndGlobalSection
EndGlobal
